
Microsoft Visual Studio Solution File, Format Version 12.00
# Visual Studio 14
VisualStudioVersion = 14.0.25420.1
MinimumVisualStudioVersion = 10.0.40219.1
Project("{2150E333-8FDC-42A3-9474-1A3956D46DE8}") = "src", "src", "{9486196A-4954-4A83-A63E-1E7A5AD89B90}"
EndProject
Project("{2150E333-8FDC-42A3-9474-1A3956D46DE8}") = "Solution Items", "Solution Items", "{01E8D821-C225-45B2-AA64-637B9C613841}"
	ProjectSection(SolutionItems) = preProject
		global.json = global.json
	EndProjectSection
EndProject
Project("{8BB2217D-0F2D-49D1-97BC-3654ED321F3B}") = "TSAngUnit", "src\TSAngUnit\TSAngUnit.xproj", "{E6B6D247-15C3-4B13-92D9-DC5DC9DF4546}"
EndProject
Global
	GlobalSection(SolutionConfigurationPlatforms) = preSolution
		Debug|Any CPU = Debug|Any CPU
		Release|Any CPU = Release|Any CPU
	EndGlobalSection
	GlobalSection(ProjectConfigurationPlatforms) = postSolution
		{E6B6D247-15C3-4B13-92D9-DC5DC9DF4546}.Debug|Any CPU.ActiveCfg = Debug|Any CPU
		{E6B6D247-15C3-4B13-92D9-DC5DC9DF4546}.Debug|Any CPU.Build.0 = Debug|Any CPU
		{E6B6D247-15C3-4B13-92D9-DC5DC9DF4546}.Release|Any CPU.ActiveCfg = Release|Any CPU
		{E6B6D247-15C3-4B13-92D9-DC5DC9DF4546}.Release|Any CPU.Build.0 = Release|Any CPU
	EndGlobalSection
	GlobalSection(SolutionProperties) = preSolution
		HideSolutionNode = FALSE
	EndGlobalSection
	GlobalSection(NestedProjects) = preSolution
		{E6B6D247-15C3-4B13-92D9-DC5DC9DF4546} = {9486196A-4954-4A83-A63E-1E7A5AD89B90}
	EndGlobalSection
EndGlobal
